PODS:
  - AffdexSDK-OSX (3.2.0)
  - SocketRocket (0.5.1)

DEPENDENCIES:
  - AffdexSDK-OSX (~> 3.2)
  - SocketRocket

SPEC CHECKSUMS:
  AffdexSDK-OSX: a8271ced7d3aa2026f90cc7e82f73277991f06b7
  SocketRocket: d57c7159b83c3c6655745cd15302aa24b6bae531

PODFILE CHECKSUM: c76c931a57fa4255b872bf1dde507e079ddbf690

COCOAPODS: 1.4.0.beta.2
